
Microsoft Visual Studio Solution File, Format Version 12.00
# Visual Studio Version 17
VisualStudioVersion = 17.0.31903.59
MinimumVisualStudioVersion = 10.0.40219.1
Project("{FAE04EC0-301F-11D3-BF4B-00C04F79EFBC}") = "LCDPossible.Core", "LCDPossible.Core\LCDPossible.Core.csproj", "{64AD4087-D147-49D3-BE7D-601EB85EBD36}"
EndProject
Project("{FAE04EC0-301F-11D3-BF4B-00C04F79EFBC}") = "LCDPossible", "LCDPossible\LCDPossible.csproj", "{0F4A7440-2EFC-4B80-8C2A-356F54D9512F}"
EndProject
Project("{2150E333-8FDC-42A3-9474-1A3956D46DE8}") = "tests", "tests", "{0AB3BF05-4346-4AA6-1389-037BE0695223}"
EndProject
Project("{FAE04EC0-301F-11D3-BF4B-00C04F79EFBC}") = "LCDPossible.Core.Tests", "..\tests\LCDPossible.Core.Tests\LCDPossible.Core.Tests.csproj", "{F22C5126-5527-4D76-A101-8D9A88B1B923}"
EndProject
Project("{FAE04EC0-301F-11D3-BF4B-00C04F79EFBC}") = "LCDPossible.Sdk", "LCDPossible.Sdk\LCDPossible.Sdk.csproj", "{2504B147-92E8-4B1B-86DA-D2B868DDE7A1}"
EndProject
Project("{2150E333-8FDC-42A3-9474-1A3956D46DE8}") = "Plugins", "Plugins", "{07D57EEB-2F50-60C4-C011-FE4FA775C9A8}"
EndProject
Project("{FAE04EC0-301F-11D3-BF4B-00C04F79EFBC}") = "LCDPossible.Plugins.Core", "Plugins\LCDPossible.Plugins.Core\LCDPossible.Plugins.Core.csproj", "{90D40E7D-54F0-40F4-8080-FDAFE94CD164}"
EndProject
Project("{FAE04EC0-301F-11D3-BF4B-00C04F79EFBC}") = "LCDPossible.Plugins.Images", "Plugins\LCDPossible.Plugins.Images\LCDPossible.Plugins.Images.csproj", "{08D0836B-2C5D-4EB1-ABAC-7291D57F1CEB}"
EndProject
Project("{FAE04EC0-301F-11D3-BF4B-00C04F79EFBC}") = "LCDPossible.Plugins.Video", "Plugins\LCDPossible.Plugins.Video\LCDPossible.Plugins.Video.csproj", "{4DC6C3D5-A957-4D30-9EFF-8D4192958D0B}"
EndProject
Project("{FAE04EC0-301F-11D3-BF4B-00C04F79EFBC}") = "LCDPossible.Plugins.Web", "Plugins\LCDPossible.Plugins.Web\LCDPossible.Plugins.Web.csproj", "{D3B8D1F2-D918-48AF-8D34-50F54362A2CD}"
EndProject
Project("{FAE04EC0-301F-11D3-BF4B-00C04F79EFBC}") = "LCDPossible.Plugins.Proxmox", "Plugins\LCDPossible.Plugins.Proxmox\LCDPossible.Plugins.Proxmox.csproj", "{0D83E6A3-D32B-4EC2-9D07-5CEB01CED3E4}"
EndProject
Global
	GlobalSection(SolutionConfigurationPlatforms) = preSolution
		Debug|Any CPU = Debug|Any CPU
		Debug|x64 = Debug|x64
		Debug|x86 = Debug|x86
		Release|Any CPU = Release|Any CPU
		Release|x64 = Release|x64
		Release|x86 = Release|x86
	EndGlobalSection
	GlobalSection(ProjectConfigurationPlatforms) = postSolution
		{64AD4087-D147-49D3-BE7D-601EB85EBD36}.Debug|Any CPU.ActiveCfg = Debug|Any CPU
		{64AD4087-D147-49D3-BE7D-601EB85EBD36}.Debug|Any CPU.Build.0 = Debug|Any CPU
		{64AD4087-D147-49D3-BE7D-601EB85EBD36}.Debug|x64.ActiveCfg = Debug|Any CPU
		{64AD4087-D147-49D3-BE7D-601EB85EBD36}.Debug|x64.Build.0 = Debug|Any CPU
		{64AD4087-D147-49D3-BE7D-601EB85EBD36}.Debug|x86.ActiveCfg = Debug|Any CPU
		{64AD4087-D147-49D3-BE7D-601EB85EBD36}.Debug|x86.Build.0 = Debug|Any CPU
		{64AD4087-D147-49D3-BE7D-601EB85EBD36}.Release|Any CPU.ActiveCfg = Release|Any CPU
		{64AD4087-D147-49D3-BE7D-601EB85EBD36}.Release|Any CPU.Build.0 = Release|Any CPU
		{64AD4087-D147-49D3-BE7D-601EB85EBD36}.Release|x64.ActiveCfg = Release|Any CPU
		{64AD4087-D147-49D3-BE7D-601EB85EBD36}.Release|x64.Build.0 = Release|Any CPU
		{64AD4087-D147-49D3-BE7D-601EB85EBD36}.Release|x86.ActiveCfg = Release|Any CPU
		{64AD4087-D147-49D3-BE7D-601EB85EBD36}.Release|x86.Build.0 = Release|Any CPU
		{0F4A7440-2EFC-4B80-8C2A-356F54D9512F}.Debug|Any CPU.ActiveCfg = Debug|Any CPU
		{0F4A7440-2EFC-4B80-8C2A-356F54D9512F}.Debug|Any CPU.Build.0 = Debug|Any CPU
		{0F4A7440-2EFC-4B80-8C2A-356F54D9512F}.Debug|x64.ActiveCfg = Debug|Any CPU
		{0F4A7440-2EFC-4B80-8C2A-356F54D9512F}.Debug|x64.Build.0 = Debug|Any CPU
		{0F4A7440-2EFC-4B80-8C2A-356F54D9512F}.Debug|x86.ActiveCfg = Debug|Any CPU
		{0F4A7440-2EFC-4B80-8C2A-356F54D9512F}.Debug|x86.Build.0 = Debug|Any CPU
		{0F4A7440-2EFC-4B80-8C2A-356F54D9512F}.Release|Any CPU.ActiveCfg = Release|Any CPU
		{0F4A7440-2EFC-4B80-8C2A-356F54D9512F}.Release|Any CPU.Build.0 = Release|Any CPU
		{0F4A7440-2EFC-4B80-8C2A-356F54D9512F}.Release|x64.ActiveCfg = Release|Any CPU
		{0F4A7440-2EFC-4B80-8C2A-356F54D9512F}.Release|x64.Build.0 = Release|Any CPU
		{0F4A7440-2EFC-4B80-8C2A-356F54D9512F}.Release|x86.ActiveCfg = Release|Any CPU
		{0F4A7440-2EFC-4B80-8C2A-356F54D9512F}.Release|x86.Build.0 = Release|Any CPU
		{F22C5126-5527-4D76-A101-8D9A88B1B923}.Debug|Any CPU.ActiveCfg = Debug|Any CPU
		{F22C5126-5527-4D76-A101-8D9A88B1B923}.Debug|Any CPU.Build.0 = Debug|Any CPU
		{F22C5126-5527-4D76-A101-8D9A88B1B923}.Debug|x64.ActiveCfg = Debug|Any CPU
		{F22C5126-5527-4D76-A101-8D9A88B1B923}.Debug|x64.Build.0 = Debug|Any CPU
		{F22C5126-5527-4D76-A101-8D9A88B1B923}.Debug|x86.ActiveCfg = Debug|Any CPU
		{F22C5126-5527-4D76-A101-8D9A88B1B923}.Debug|x86.Build.0 = Debug|Any CPU
		{F22C5126-5527-4D76-A101-8D9A88B1B923}.Release|Any CPU.ActiveCfg = Release|Any CPU
		{F22C5126-5527-4D76-A101-8D9A88B1B923}.Release|Any CPU.Build.0 = Release|Any CPU
		{F22C5126-5527-4D76-A101-8D9A88B1B923}.Release|x64.ActiveCfg = Release|Any CPU
		{F22C5126-5527-4D76-A101-8D9A88B1B923}.Release|x64.Build.0 = Release|Any CPU
		{F22C5126-5527-4D76-A101-8D9A88B1B923}.Release|x86.ActiveCfg = Release|Any CPU
		{F22C5126-5527-4D76-A101-8D9A88B1B923}.Release|x86.Build.0 = Release|Any CPU
		{2504B147-92E8-4B1B-86DA-D2B868DDE7A1}.Debug|Any CPU.ActiveCfg = Debug|Any CPU
		{2504B147-92E8-4B1B-86DA-D2B868DDE7A1}.Debug|Any CPU.Build.0 = Debug|Any CPU
		{2504B147-92E8-4B1B-86DA-D2B868DDE7A1}.Debug|x64.ActiveCfg = Debug|Any CPU
		{2504B147-92E8-4B1B-86DA-D2B868DDE7A1}.Debug|x64.Build.0 = Debug|Any CPU
		{2504B147-92E8-4B1B-86DA-D2B868DDE7A1}.Debug|x86.ActiveCfg = Debug|Any CPU
		{2504B147-92E8-4B1B-86DA-D2B868DDE7A1}.Debug|x86.Build.0 = Debug|Any CPU
		{2504B147-92E8-4B1B-86DA-D2B868DDE7A1}.Release|Any CPU.ActiveCfg = Release|Any CPU
		{2504B147-92E8-4B1B-86DA-D2B868DDE7A1}.Release|Any CPU.Build.0 = Release|Any CPU
		{2504B147-92E8-4B1B-86DA-D2B868DDE7A1}.Release|x64.ActiveCfg = Release|Any CPU
		{2504B147-92E8-4B1B-86DA-D2B868DDE7A1}.Release|x64.Build.0 = Release|Any CPU
		{2504B147-92E8-4B1B-86DA-D2B868DDE7A1}.Release|x86.ActiveCfg = Release|Any CPU
		{2504B147-92E8-4B1B-86DA-D2B868DDE7A1}.Release|x86.Build.0 = Release|Any CPU
		{90D40E7D-54F0-40F4-8080-FDAFE94CD164}.Debug|Any CPU.ActiveCfg = Debug|Any CPU
		{90D40E7D-54F0-40F4-8080-FDAFE94CD164}.Debug|Any CPU.Build.0 = Debug|Any CPU
		{90D40E7D-54F0-40F4-8080-FDAFE94CD164}.Debug|x64.ActiveCfg = Debug|Any CPU
		{90D40E7D-54F0-40F4-8080-FDAFE94CD164}.Debug|x64.Build.0 = Debug|Any CPU
		{90D40E7D-54F0-40F4-8080-FDAFE94CD164}.Debug|x86.ActiveCfg = Debug|Any CPU
		{90D40E7D-54F0-40F4-8080-FDAFE94CD164}.Debug|x86.Build.0 = Debug|Any CPU
		{90D40E7D-54F0-40F4-8080-FDAFE94CD164}.Release|Any CPU.ActiveCfg = Release|Any CPU
		{90D40E7D-54F0-40F4-8080-FDAFE94CD164}.Release|Any CPU.Build.0 = Release|Any CPU
		{90D40E7D-54F0-40F4-8080-FDAFE94CD164}.Release|x64.ActiveCfg = Release|Any CPU
		{90D40E7D-54F0-40F4-8080-FDAFE94CD164}.Release|x64.Build.0 = Release|Any CPU
		{90D40E7D-54F0-40F4-8080-FDAFE94CD164}.Release|x86.ActiveCfg = Release|Any CPU
		{90D40E7D-54F0-40F4-8080-FDAFE94CD164}.Release|x86.Build.0 = Release|Any CPU
		{08D0836B-2C5D-4EB1-ABAC-7291D57F1CEB}.Debug|Any CPU.ActiveCfg = Debug|Any CPU
		{08D0836B-2C5D-4EB1-ABAC-7291D57F1CEB}.Debug|Any CPU.Build.0 = Debug|Any CPU
		{08D0836B-2C5D-4EB1-ABAC-7291D57F1CEB}.Debug|x64.ActiveCfg = Debug|Any CPU
		{08D0836B-2C5D-4EB1-ABAC-7291D57F1CEB}.Debug|x64.Build.0 = Debug|Any CPU
		{08D0836B-2C5D-4EB1-ABAC-7291D57F1CEB}.Debug|x86.ActiveCfg = Debug|Any CPU
		{08D0836B-2C5D-4EB1-ABAC-7291D57F1CEB}.Debug|x86.Build.0 = Debug|Any CPU
		{08D0836B-2C5D-4EB1-ABAC-7291D57F1CEB}.Release|Any CPU.ActiveCfg = Release|Any CPU
		{08D0836B-2C5D-4EB1-ABAC-7291D57F1CEB}.Release|Any CPU.Build.0 = Release|Any CPU
		{08D0836B-2C5D-4EB1-ABAC-7291D57F1CEB}.Release|x64.ActiveCfg = Release|Any CPU
		{08D0836B-2C5D-4EB1-ABAC-7291D57F1CEB}.Release|x64.Build.0 = Release|Any CPU
		{08D0836B-2C5D-4EB1-ABAC-7291D57F1CEB}.Release|x86.ActiveCfg = Release|Any CPU
		{08D0836B-2C5D-4EB1-ABAC-7291D57F1CEB}.Release|x86.Build.0 = Release|Any CPU
		{4DC6C3D5-A957-4D30-9EFF-8D4192958D0B}.Debug|Any CPU.ActiveCfg = Debug|Any CPU
		{4DC6C3D5-A957-4D30-9EFF-8D4192958D0B}.Debug|Any CPU.Build.0 = Debug|Any CPU
		{4DC6C3D5-A957-4D30-9EFF-8D4192958D0B}.Debug|x64.ActiveCfg = Debug|Any CPU
		{4DC6C3D5-A957-4D30-9EFF-8D4192958D0B}.Debug|x64.Build.0 = Debug|Any CPU
		{4DC6C3D5-A957-4D30-9EFF-8D4192958D0B}.Debug|x86.ActiveCfg = Debug|Any CPU
		{4DC6C3D5-A957-4D30-9EFF-8D4192958D0B}.Debug|x86.Build.0 = Debug|Any CPU
		{4DC6C3D5-A957-4D30-9EFF-8D4192958D0B}.Release|Any CPU.ActiveCfg = Release|Any CPU
		{4DC6C3D5-A957-4D30-9EFF-8D4192958D0B}.Release|Any CPU.Build.0 = Release|Any CPU
		{4DC6C3D5-A957-4D30-9EFF-8D4192958D0B}.Release|x64.ActiveCfg = Release|Any CPU
		{4DC6C3D5-A957-4D30-9EFF-8D4192958D0B}.Release|x64.Build.0 = Release|Any CPU
		{4DC6C3D5-A957-4D30-9EFF-8D4192958D0B}.Release|x86.ActiveCfg = Release|Any CPU
		{4DC6C3D5-A957-4D30-9EFF-8D4192958D0B}.Release|x86.Build.0 = Release|Any CPU
		{D3B8D1F2-D918-48AF-8D34-50F54362A2CD}.Debug|Any CPU.ActiveCfg = Debug|Any CPU
		{D3B8D1F2-D918-48AF-8D34-50F54362A2CD}.Debug|Any CPU.Build.0 = Debug|Any CPU
		{D3B8D1F2-D918-48AF-8D34-50F54362A2CD}.Debug|x64.ActiveCfg = Debug|Any CPU
		{D3B8D1F2-D918-48AF-8D34-50F54362A2CD}.Debug|x64.Build.0 = Debug|Any CPU
		{D3B8D1F2-D918-48AF-8D34-50F54362A2CD}.Debug|x86.ActiveCfg = Debug|Any CPU
		{D3B8D1F2-D918-48AF-8D34-50F54362A2CD}.Debug|x86.Build.0 = Debug|Any CPU
		{D3B8D1F2-D918-48AF-8D34-50F54362A2CD}.Release|Any CPU.ActiveCfg = Release|Any CPU
		{D3B8D1F2-D918-48AF-8D34-50F54362A2CD}.Release|Any CPU.Build.0 = Release|Any CPU
		{D3B8D1F2-D918-48AF-8D34-50F54362A2CD}.Release|x64.ActiveCfg = Release|Any CPU
		{D3B8D1F2-D918-48AF-8D34-50F54362A2CD}.Release|x64.Build.0 = Release|Any CPU
		{D3B8D1F2-D918-48AF-8D34-50F54362A2CD}.Release|x86.ActiveCfg = Release|Any CPU
		{D3B8D1F2-D918-48AF-8D34-50F54362A2CD}.Release|x86.Build.0 = Release|Any CPU
		{0D83E6A3-D32B-4EC2-9D07-5CEB01CED3E4}.Debug|Any CPU.ActiveCfg = Debug|Any CPU
		{0D83E6A3-D32B-4EC2-9D07-5CEB01CED3E4}.Debug|Any CPU.Build.0 = Debug|Any CPU
		{0D83E6A3-D32B-4EC2-9D07-5CEB01CED3E4}.Debug|x64.ActiveCfg = Debug|Any CPU
		{0D83E6A3-D32B-4EC2-9D07-5CEB01CED3E4}.Debug|x64.Build.0 = Debug|Any CPU
		{0D83E6A3-D32B-4EC2-9D07-5CEB01CED3E4}.Debug|x86.ActiveCfg = Debug|Any CPU
		{0D83E6A3-D32B-4EC2-9D07-5CEB01CED3E4}.Debug|x86.Build.0 = Debug|Any CPU
		{0D83E6A3-D32B-4EC2-9D07-5CEB01CED3E4}.Release|Any CPU.ActiveCfg = Release|Any CPU
		{0D83E6A3-D32B-4EC2-9D07-5CEB01CED3E4}.Release|Any CPU.Build.0 = Release|Any CPU
		{0D83E6A3-D32B-4EC2-9D07-5CEB01CED3E4}.Release|x64.ActiveCfg = Release|Any CPU
		{0D83E6A3-D32B-4EC2-9D07-5CEB01CED3E4}.Release|x64.Build.0 = Release|Any CPU
		{0D83E6A3-D32B-4EC2-9D07-5CEB01CED3E4}.Release|x86.ActiveCfg = Release|Any CPU
		{0D83E6A3-D32B-4EC2-9D07-5CEB01CED3E4}.Release|x86.Build.0 = Release|Any CPU
	EndGlobalSection
	GlobalSection(SolutionProperties) = preSolution
		HideSolutionNode = FALSE
	EndGlobalSection
	GlobalSection(NestedProjects) = preSolution
		{F22C5126-5527-4D76-A101-8D9A88B1B923} = {0AB3BF05-4346-4AA6-1389-037BE0695223}
		{90D40E7D-54F0-40F4-8080-FDAFE94CD164} = {07D57EEB-2F50-60C4-C011-FE4FA775C9A8}
		{08D0836B-2C5D-4EB1-ABAC-7291D57F1CEB} = {07D57EEB-2F50-60C4-C011-FE4FA775C9A8}
		{4DC6C3D5-A957-4D30-9EFF-8D4192958D0B} = {07D57EEB-2F50-60C4-C011-FE4FA775C9A8}
		{D3B8D1F2-D918-48AF-8D34-50F54362A2CD} = {07D57EEB-2F50-60C4-C011-FE4FA775C9A8}
		{0D83E6A3-D32B-4EC2-9D07-5CEB01CED3E4} = {07D57EEB-2F50-60C4-C011-FE4FA775C9A8}
	EndGlobalSection
EndGlobal
